// !$*UTF8*$!
{
	archiveVersion = 1;
	classes = {
	};
	objectVersion = 77;
	objects = {

/* Begin PBXContainerItemProxy section */
		10A6CE252C9E60D3001EBB28 /* PBXContainerItemProxy */ = {
			isa = PBXContainerItemProxy;
			containerPortal = 10A6CE062C9E60D2001EBB28 /* Project object */;
			proxyType = 1;
			remoteGlobalIDString = 10A6CE0D2C9E60D2001EBB28;
			remoteInfo = "421 Game";
		};
		10A6CE2F2C9E60D3001EBB28 /* PBXContainerItemProxy */ = {
			isa = PBXContainerItemProxy;
			containerPortal = 10A6CE062C9E60D2001EBB28 /* Project object */;
			proxyType = 1;
			remoteGlobalIDString = 10A6CE0D2C9E60D2001EBB28;
			remoteInfo = "421 Game";
		};
/* End PBXContainerItemProxy section */

/* Begin PBXFileReference section */
		10A6CE0E2C9E60D2001EBB28 /* 421 Game.app */ = {isa = PBXFileReference; explicitFileType = wrapper.application; includeInIndex = 0; path = "421 Game.app"; sourceTree = BUILT_PRODUCTS_DIR; };
		10A6CE242C9E60D3001EBB28 /* 421 GameTests.xctest */ = {isa = PBXFileReference; explicitFileType = wrapper.cfbundle; includeInIndex = 0; path = "421 GameTests.xctest"; sourceTree = BUILT_PRODUCTS_DIR; };
		10A6CE2E2C9E60D3001EBB28 /* 421 GameUITests.xctest */ = {isa = PBXFileReference; explicitFileType = wrapper.cfbundle; includeInIndex = 0; path = "421 GameUITests.xctest"; sourceTree = BUILT_PRODUCTS_DIR; };
/* End PBXFileReference section */

/* Begin PBXFileSystemSynchronizedBuildFileExceptionSet section */
		10A6CE362C9E60D3001EBB28 /* Exceptions for "421 Game" folder in "421 Game" target */ = {
			isa = PBXFileSystemSynchronizedBuildFileExceptionSet;
			membershipExceptions = (
				Info.plist,
			);
			target = 10A6CE0D2C9E60D2001EBB28 /* 421 Game */;
		};
/* End PBXFileSystemSynchronizedBuildFileExceptionSet section */

/* Begin PBXFileSystemSynchronizedRootGroup section */
		10A6CE102C9E60D2001EBB28 /* 421 Game */ = {
			isa = PBXFileSystemSynchronizedRootGroup;
			exceptions = (
				10A6CE362C9E60D3001EBB28 /* Exceptions for "421 Game" folder in "421 Game" target */,
			);
			path = "421 Game";
			sourceTree = "<group>";
		};
		10A6CE272C9E60D3001EBB28 /* 421 GameTests */ = {
			isa = PBXFileSystemSynchronizedRootGroup;
			path = "421 GameTests";
			sourceTree = "<group>";
		};
		10A6CE312C9E60D3001EBB28 /* 421 GameUITests */ = {
			isa = PBXFileSystemSynchronizedRootGroup;
			path = "421 GameUITests";
			sourceTree = "<group>";
		};
/* End PBXFileSystemSynchronizedRootGroup section */

/* Begin PBXFrameworksBuildPhase section */
		10A6CE0B2C9E60D2001EBB28 /* Frameworks */ = {
			isa = PBXFrameworksBuildPhase;
			buildActionMask = 2147483647;
			files = (
			);
			runOnlyForDeploymentPostprocessing = 0;
		};
		10A6CE212C9E60D3001EBB28 /* Frameworks */ = {
			isa = PBXFrameworksBuildPhase;
			buildActionMask = 2147483647;
			files = (
			);
			runOnlyForDeploymentPostprocessing = 0;
		};
		10A6CE2B2C9E60D3001EBB28 /* Frameworks */ = {
			isa = PBXFrameworksBuildPhase;
			buildActionMask = 2147483647;
			files = (
			);
			runOnlyForDeploymentPostprocessing = 0;
		};
/* End PBXFrameworksBuildPhase section */

/* Begin PBXGroup section */
		10A6CE052C9E60D2001EBB28 = {
			isa = PBXGroup;
			children = (
				10A6CE102C9E60D2001EBB28 /* 421 Game */,
				10A6CE272C9E60D3001EBB28 /* 421 GameTests */,
				10A6CE312C9E60D3001EBB28 /* 421 GameUITests */,
				10A6CE0F2C9E60D2001EBB28 /* Products */,
			);
			sourceTree = "<group>";
		};
		10A6CE0F2C9E60D2001EBB28 /* Products */ = {
			isa = PBXGroup;
			children = (
				10A6CE0E2C9E60D2001EBB28 /* 421 Game.app */,
				10A6CE242C9E60D3001EBB28 /* 421 GameTests.xctest */,
				10A6CE2E2C9E60D3001EBB28 /* 421 GameUITests.xctest */,
			);
			name = Products;
			sourceTree = "<group>";
		};
/* End PBXGroup section */

/* Begin PBXNativeTarget section */
		10A6CE0D2C9E60D2001EBB28 /* 421 Game */ = {
			isa = PBXNativeTarget;
			buildConfigurationList = 10A6CE372C9E60D3001EBB28 /* Build configuration list for PBXNativeTarget "421 Game" */;
			buildPhases = (
				10A6CE0A2C9E60D2001EBB28 /* Sources */,
				10A6CE0B2C9E60D2001EBB28 /* Frameworks */,
				10A6CE0C2C9E60D2001EBB28 /* Resources */,
			);
			buildRules = (
			);
			dependencies = (
			);
			fileSystemSynchronizedGroups = (
				10A6CE102C9E60D2001EBB28 /* 421 Game */,
			);
			name = "421 Game";
			packageProductDependencies = (
			);
			productName = "421 Game";
			productReference = 10A6CE0E2C9E60D2001EBB28 /* 421 Game.app */;
			productType = "com.apple.product-type.application";
		};
		10A6CE232C9E60D3001EBB28 /* 421 GameTests */ = {
			isa = PBXNativeTarget;
			buildConfigurationList = 10A6CE3C2C9E60D3001EBB28 /* Build configuration list for PBXNativeTarget "421 GameTests" */;
			buildPhases = (
				10A6CE202C9E60D3001EBB28 /* Sources */,
				10A6CE212C9E60D3001EBB28 /* Frameworks */,
				10A6CE222C9E60D3001EBB28 /* Resources */,
			);
			buildRules = (
			);
			dependencies = (
				10A6CE262C9E60D3001EBB28 /* PBXTargetDependency */,
			);
			fileSystemSynchronizedGroups = (
				10A6CE272C9E60D3001EBB28 /* 421 GameTests */,
			);
			name = "421 GameTests";
			packageProductDependencies = (
			);
			productName = "421 GameTests";
			productReference = 10A6CE242C9E60D3001EBB28 /* 421 GameTests.xctest */;
			productType = "com.apple.product-type.bundle.unit-test";
		};
		10A6CE2D2C9E60D3001EBB28 /* 421 GameUITests */ = {
			isa = PBXNativeTarget;
			buildConfigurationList = 10A6CE3F2C9E60D3001EBB28 /* Build configuration list for PBXNativeTarget "421 GameUITests" */;
			buildPhases = (
				10A6CE2A2C9E60D3001EBB28 /* Sources */,
				10A6CE2B2C9E60D3001EBB28 /* Frameworks */,
				10A6CE2C2C9E60D3001EBB28 /* Resources */,
			);
			buildRules = (
			);
			dependencies = (
				10A6CE302C9E60D3001EBB28 /* PBXTargetDependency */,
			);
			fileSystemSynchronizedGroups = (
				10A6CE312C9E60D3001EBB28 /* 421 GameUITests */,
			);
			name = "421 GameUITests";
			packageProductDependencies = (
			);
			productName = "421 GameUITests";
			productReference = 10A6CE2E2C9E60D3001EBB28 /* 421 GameUITests.xctest */;
			productType = "com.apple.product-type.bundle.ui-testing";
		};
/* End PBXNativeTarget section */

/* Begin PBXProject section */
		10A6CE062C9E60D2001EBB28 /* Project object */ = {
			isa = PBXProject;
			attributes = {
				BuildIndependentTargetsInParallel = 1;
				LastSwiftUpdateCheck = 1600;
				LastUpgradeCheck = 1600;
				TargetAttributes = {
					10A6CE0D2C9E60D2001EBB28 = {
						CreatedOnToolsVersion = 16.0;
					};
					10A6CE232C9E60D3001EBB28 = {
						CreatedOnToolsVersion = 16.0;
						TestTargetID = 10A6CE0D2C9E60D2001EBB28;
					};
					10A6CE2D2C9E60D3001EBB28 = {
						CreatedOnToolsVersion = 16.0;
						TestTargetID = 10A6CE0D2C9E60D2001EBB28;
					};
				};
			};
			buildConfigurationList = 10A6CE092C9E60D2001EBB28 /* Build configuration list for PBXProject "421 Game" */;
			developmentRegion = en;
			hasScannedForEncodings = 0;
			knownRegions = (
				en,
				Base,
			);
			mainGroup = 10A6CE052C9E60D2001EBB28;
			minimizedProjectReferenceProxies = 1;
			preferredProjectObjectVersion = 77;
			productRefGroup = 10A6CE0F2C9E60D2001EBB28 /* Products */;
			projectDirPath = "";
			projectRoot = "";
			targets = (
				10A6CE0D2C9E60D2001EBB28 /* 421 Game */,
				10A6CE232C9E60D3001EBB28 /* 421 GameTests */,
				10A6CE2D2C9E60D3001EBB28 /* 421 GameUITests */,
			);
		};
/* End PBXProject section */

/* Begin PBXResourcesBuildPhase section */
		10A6CE0C2C9E60D2001EBB28 /* Resources */ = {
			isa = PBXResourcesBuildPhase;
			buildActionMask = 2147483647;
			files = (
			);
			runOnlyForDeploymentPostprocessing = 0;
		};
		10A6CE222C9E60D3001EBB28 /* Resources */ = {
			isa = PBXResourcesBuildPhase;
			buildActionMask = 2147483647;
			files = (
			);
			runOnlyForDeploymentPostprocessing = 0;
		};
		10A6CE2C2C9E60D3001EBB28 /* Resources */ = {
			isa = PBXResourcesBuildPhase;
			buildActionMask = 2147483647;
			files = (
			);
			runOnlyForDeploymentPostprocessing = 0;
		};
/* End PBXResourcesBuildPhase section */

/* Begin PBXSourcesBuildPhase section */
		10A6CE0A2C9E60D2001EBB28 /* Sources */ = {
			isa = PBXSourcesBuildPhase;
			buildActionMask = 2147483647;
			files = (
			);
			runOnlyForDeploymentPostprocessing = 0;
		};
		10A6CE202C9E60D3001EBB28 /* Sources */ = {
			isa = PBXSourcesBuildPhase;
			buildActionMask = 2147483647;
			files = (
			);
			runOnlyForDeploymentPostprocessing = 0;
		};
		10A6CE2A2C9E60D3001EBB28 /* Sources */ = {
			isa = PBXSourcesBuildPhase;
			buildActionMask = 2147483647;
			files = (
			);
			runOnlyForDeploymentPostprocessing = 0;
		};
/* End PBXSourcesBuildPhase section */

/* Begin PBXTargetDependency section */
		10A6CE262C9E60D3001EBB28 /* PBXTargetDependency */ = {
			isa = PBXTargetDependency;
			target = 10A6CE0D2C9E60D2001EBB28 /* 421 Game */;
			targetProxy = 10A6CE252C9E60D3001EBB28 /* PBXContainerItemProxy */;
		};
		10A6CE302C9E60D3001EBB28 /* PBXTargetDependency */ = {
			isa = PBXTargetDependency;
			target = 10A6CE0D2C9E60D2001EBB28 /* 421 Game */;
			targetProxy = 10A6CE2F2C9E60D3001EBB28 /* PBXContainerItemProxy */;
		};
/* End PBXTargetDependency section */

/* Begin XCBuildConfiguration section */
		10A6CE382C9E60D3001EBB28 /* Debug */ = {
			isa = XCBuildConfiguration;
			buildSettings = {
				ASSETCATALOG_COMPILER_APPICON_NAME = AppIcon;
				ASSETCATALOG_COMPILER_GLOBAL_ACCENT_COLOR_NAME = AccentColor;
				CODE_SIGN_STYLE = Automatic;
				CURRENT_PROJECT_VERSION = 1;
				GENERATE_INFOPLIST_FILE = YES;
				INFOPLIST_FILE = "421 Game/Info.plist";
				INFOPLIST_KEY_UIApplicationSupportsIndirectInputEvents = YES;
				INFOPLIST_KEY_UILaunchStoryboardName = LaunchScreen;
				INFOPLIST_KEY_UIMainStoryboardFile = Main;
				INFOPLIST_KEY_UISupportedInterfaceOrientations_iPad = "UIInterfaceOrientationPortrait UIInterfaceOrientationPortraitUpsideDown UIInterfaceOrientationLandscapeLeft UIInterfaceOrientationLandscapeRight";
				INFOPLIST_KEY_UISupportedInterfaceOrientations_iPhone = "UIInterfaceOrientationPortrait UIInterfaceOrientationLandscapeLeft UIInterfaceOrientationLandscapeRight";
				LD_RUNPATH_SEARCH_PATHS = (
					"$(inherited)",
					"@executable_path/Frameworks",
				);
				MARKETING_VERSION = 1.0;
				PRODUCT_BUNDLE_IDENTIFIER = "Colin-Whiteford.-21-Game";
				PRODUCT_NAME = "$(TARGET_NAME)";
				SWIFT_EMIT_LOC_STRINGS = YES;
				SWIFT_VERSION = 5.0;
				TARGETED_DEVICE_FAMILY = "1,2";
			};
			name = Debug;
		};
		10A6CE392C9E60D3001EBB28 /* Release */ = {
			isa = XCBuildConfiguration;
			buildSettings = {
				ASSETCATALOG_COMPILER_APPICON_NAME = AppIcon;
				ASSETCATALOG_COMPILER_GLOBAL_ACCENT_COLOR_NAME = AccentColor;
				CODE_SIGN_STYLE = Automatic;
				CURRENT_PROJECT_VERSION = 1;
				GENERATE_INFOPLIST_FILE = YES;
				INFOPLIST_FILE = "421 Game/Info.plist";
				INFOPLIST_KEY_UIApplicationSupportsIndirectInputEvents = YES;
				INFOPLIST_KEY_UILaunchStoryboardName = LaunchScreen;
				INFOPLIST_KEY_UIMainStoryboardFile = Main;
				INFOPLIST_KEY_UISupportedInterfaceOrientations_iPad = "UIInterfaceOrientationPortrait UIInterfaceOrientationPortraitUpsideDown UIInterfaceOrientationLandscapeLeft UIInterfaceOrientationLandscapeRight";
				INFOPLIST_KEY_UISupportedInterfaceOrientations_iPhone = "UIInterfaceOrientationPortrait UIInterfaceOrientationLandscapeLeft UIInterfaceOrientationLandscapeRight";
				LD_RUNPATH_SEARCH_PATHS = (
					"$(inherited)",
					"@executable_path/Frameworks",
				);
				MARKETING_VERSION = 1.0;
				PRODUCT_BUNDLE_IDENTIFIER = "Colin-Whiteford.-21-Game";
				PRODUCT_NAME = "$(TARGET_NAME)";
				SWIFT_EMIT_LOC_STRINGS = YES;
				SWIFT_VERSION = 5.0;
				TARGETED_DEVICE_FAMILY = "1,2";
			};
			name = Release;
		};
		10A6CE3A2C9E60D3001EBB28 /* Debug */ = {
			isa = XCBuildConfiguration;
			buildSettings = {
				ALWAYS_SEARCH_USER_PATHS = NO;
				ASSETCATALOG_COMPILER_GENERATE_SWIFT_ASSET_SYMBOL_EXTENSIONS = YES;
				CLANG_ANALYZER_NONNULL = YES;
				CLANG_ANALYZER_NUMBER_OBJECT_CONVERSION = YES_AGGRESSIVE;
				CLANG_CXX_LANGUAGE_STANDARD = "gnu++20";
				CLANG_ENABLE_MODULES = YES;
				CLANG_ENABLE_OBJC_ARC = YES;
				CLANG_ENABLE_OBJC_WEAK = YES;
				CLANG_WARN_BLOCK_CAPTURE_AUTORELEASING = YES;
				CLANG_WARN_BOOL_CONVERSION = YES;
				CLANG_WARN_COMMA = YES;
				CLANG_WARN_CONSTANT_CONVERSION = YES;
				CLANG_WARN_DEPRECATED_OBJC_IMPLEMENTATIONS = YES;
				CLANG_WARN_DIRECT_OBJC_ISA_USAGE = YES_ERROR;
				CLANG_WARN_DOCUMENTATION_COMMENTS = YES;
				CLANG_WARN_EMPTY_BODY = YES;
				CLANG_WARN_ENUM_CONVERSION = YES;
				CLANG_WARN_INFINITE_RECURSION = YES;
				CLANG_WARN_INT_CONVERSION = YES;
				CLANG_WARN_NON_LITERAL_NULL_CONVERSION = YES;
				CLANG_WARN_OBJC_IMPLICIT_RETAIN_SELF = YES;
				CLANG_WARN_OBJC_LITERAL_CONVERSION = YES;
				CLANG_WARN_OBJC_ROOT_CLASS = YES_ERROR;
				CLANG_WARN_QUOTED_INCLUDE_IN_FRAMEWORK_HEADER = YES;
				CLANG_WARN_RANGE_LOOP_ANALYSIS = YES;
				CLANG_WARN_STRICT_PROTOTYPES = YES;
				CLANG_WARN_SUSPICIOUS_MOVE = YES;
				CLANG_WARN_UNGUARDED_AVAILABILITY = YES_AGGRESSIVE;
				CLANG_WARN_UNREACHABLE_CODE = YES;
				CLANG_WARN__DUPLICATE_METHOD_MATCH = YES;
				COPY_PHASE_STRIP = NO;
				DEBUG_INFORMATION_FORMAT = dwarf;
				ENABLE_STRICT_OBJC_MSGSEND = YES;
				ENABLE_TESTABILITY = YES;
				ENABLE_USER_SCRIPT_SANDBOXING = YES;
				GCC_C_LANGUAGE_STANDARD = gnu17;
				GCC_DYNAMIC_NO_PIC = NO;
				GCC_NO_COMMON_BLOCKS = YES;
				GCC_OPTIMIZATION_LEVEL = 0;
				GCC_PREPROCESSOR_DEFINITIONS = (
					"DEBUG=1",
					"$(inherited)",
				);
				GCC_WARN_64_TO_32_BIT_CONVERSION = YES;
				GCC_WARN_ABOUT_RETURN_TYPE = YES_ERROR;
				GCC_WARN_UNDECLARED_SELECTOR = YES;
				GCC_WARN_UNINITIALIZED_AUTOS = YES_AGGRESSIVE;
				GCC_WARN_UNUSED_FUNCTION = YES;
				GCC_WARN_UNUSED_VARIABLE = YES;
				IPHONEOS_DEPLOYMENT_TARGET = 18.0;
				LOCALIZATION_PREFERS_STRING_CATALOGS = YES;
				MTL_ENABLE_DEBUG_INFO = INCLUDE_SOURCE;
				MTL_FAST_MATH = YES;
				ONLY_ACTIVE_ARCH = YES;
				SDKROOT = iphoneos;
				SWIFT_ACTIVE_COMPILATION_CONDITIONS = "DEBUG $(inherited)";
				SWIFT_OPTIMIZATION_LEVEL = "-Onone";
			};
			name = Debug;
		};
		10A6CE3B2C9E60D3001EBB28 /* Release */ = {
			isa = XCBuildConfiguration;
			buildSettings = {
				ALWAYS_SEARCH_USER_PATHS = NO;
				ASSETCATALOG_COMPILER_GENERATE_SWIFT_ASSET_SYMBOL_EXTENSIONS = YES;
				CLANG_ANALYZER_NONNULL = YES;
				CLANG_ANALYZER_NUMBER_OBJECT_CONVERSION = YES_AGGRESSIVE;
				CLANG_CXX_LANGUAGE_STANDARD = "gnu++20";
				CLANG_ENABLE_MODULES = YES;
				CLANG_ENABLE_OBJC_ARC = YES;
				CLANG_ENABLE_OBJC_WEAK = YES;
				CLANG_WARN_BLOCK_CAPTURE_AUTORELEASING = YES;
				CLANG_WARN_BOOL_CONVERSION = YES;
				CLANG_WARN_COMMA = YES;
				CLANG_WARN_CONSTANT_CONVERSION = YES;
				CLANG_WARN_DEPRECATED_OBJC_IMPLEMENTATIONS = YES;
				CLANG_WARN_DIRECT_OBJC_ISA_USAGE = YES_ERROR;
				CLANG_WARN_DOCUMENTATION_COMMENTS = YES;
				CLANG_WARN_EMPTY_BODY = YES;
				CLANG_WARN_ENUM_CONVERSION = YES;
				CLANG_WARN_INFINITE_RECURSION = YES;
				CLANG_WARN_INT_CONVERSION = YES;
				CLANG_WARN_NON_LITERAL_NULL_CONVERSION = YES;
				CLANG_WARN_OBJC_IMPLICIT_RETAIN_SELF = YES;
				CLANG_WARN_OBJC_LITERAL_CONVERSION = YES;
				CLANG_WARN_OBJC_ROOT_CLASS = YES_ERROR;
				CLANG_WARN_QUOTED_INCLUDE_IN_FRAMEWORK_HEADER = YES;
				CLANG_WARN_RANGE_LOOP_ANALYSIS = YES;
				CLANG_WARN_STRICT_PROTOTYPES = YES;
				CLANG_WARN_SUSPICIOUS_MOVE = YES;
				CLANG_WARN_UNGUARDED_AVAILABILITY = YES_AGGRESSIVE;
				CLANG_WARN_UNREACHABLE_CODE = YES;
				CLANG_WARN__DUPLICATE_METHOD_MATCH = YES;
				COPY_PHASE_STRIP = NO;
				DEBUG_INFORMATION_FORMAT = "dwarf-with-dsym";
				ENABLE_NS_ASSERTIONS = NO;
				ENABLE_STRICT_OBJC_MSGSEND = YES;
				ENABLE_USER_SCRIPT_SANDBOXING = YES;
				GCC_C_LANGUAGE_STANDARD = gnu17;
				GCC_NO_COMMON_BLOCKS = YES;
				GCC_WARN_64_TO_32_BIT_CONVERSION = YES;
				GCC_WARN_ABOUT_RETURN_TYPE = YES_ERROR;
				GCC_WARN_UNDECLARED_SELECTOR = YES;
				GCC_WARN_UNINITIALIZED_AUTOS = YES_AGGRESSIVE;
				GCC_WARN_UNUSED_FUNCTION = YES;
				GCC_WARN_UNUSED_VARIABLE = YES;
				IPHONEOS_DEPLOYMENT_TARGET = 18.0;
				LOCALIZATION_PREFERS_STRING_CATALOGS = YES;
				MTL_ENABLE_DEBUG_INFO = NO;
				MTL_FAST_MATH = YES;
				SDKROOT = iphoneos;
				SWIFT_COMPILATION_MODE = wholemodule;
				VALIDATE_PRODUCT = YES;
			};
			name = Release;
		};
		10A6CE3D2C9E60D3001EBB28 /* Debug */ = {
			isa = XCBuildConfiguration;
			buildSettings = {
				BUNDLE_LOADER = "$(TEST_HOST)";
				CODE_SIGN_STYLE = Automatic;
				CURRENT_PROJECT_VERSION = 1;
				GENERATE_INFOPLIST_FILE = YES;
				IPHONEOS_DEPLOYMENT_TARGET = 18.0;
				MARKETING_VERSION = 1.0;
				PRODUCT_BUNDLE_IDENTIFIER = "Colin-Whiteford.-21-GameTests";
				PRODUCT_NAME = "$(TARGET_NAME)";
				SWIFT_EMIT_LOC_STRINGS = NO;
				SWIFT_VERSION = 5.0;
				TARGETED_DEVICE_FAMILY = "1,2";
				TEST_HOST = "$(BUILT_PRODUCTS_DIR)/421 Game.app/$(BUNDLE_EXECUTABLE_FOLDER_PATH)/421 Game";
			};
			name = Debug;
		};
		10A6CE3E2C9E60D3001EBB28 /* Release */ = {
			isa = XCBuildConfiguration;
			buildSettings = {
				BUNDLE_LOADER = "$(TEST_HOST)";
				CODE_SIGN_STYLE = Automatic;
				CURRENT_PROJECT_VERSION = 1;
				GENERATE_INFOPLIST_FILE = YES;
				IPHONEOS_DEPLOYMENT_TARGET = 18.0;
				MARKETING_VERSION = 1.0;
				PRODUCT_BUNDLE_IDENTIFIER = "Colin-Whiteford.-21-GameTests";
				PRODUCT_NAME = "$(TARGET_NAME)";
				SWIFT_EMIT_LOC_STRINGS = NO;
				SWIFT_VERSION = 5.0;
				TARGETED_DEVICE_FAMILY = "1,2";
				TEST_HOST = "$(BUILT_PRODUCTS_DIR)/421 Game.app/$(BUNDLE_EXECUTABLE_FOLDER_PATH)/421 Game";
			};
			name = Release;
		};
		10A6CE402C9E60D3001EBB28 /* Debug */ = {
			isa = XCBuildConfiguration;
			buildSettings = {
				CODE_SIGN_STYLE = Automatic;
				CURRENT_PROJECT_VERSION = 1;
				GENERATE_INFOPLIST_FILE = YES;
				MARKETING_VERSION = 1.0;
				PRODUCT_BUNDLE_IDENTIFIER = "Colin-Whiteford.-21-GameUITests";
				PRODUCT_NAME = "$(TARGET_NAME)";
				SWIFT_EMIT_LOC_STRINGS = NO;
				SWIFT_VERSION = 5.0;
				TARGETED_DEVICE_FAMILY = "1,2";
				TEST_TARGET_NAME = "421 Game";
			};
			name = Debug;
		};
		10A6CE412C9E60D3001EBB28 /* Release */ = {
			isa = XCBuildConfiguration;
			buildSettings = {
				CODE_SIGN_STYLE = Automatic;
				CURRENT_PROJECT_VERSION = 1;
				GENERATE_INFOPLIST_FILE = YES;
				MARKETING_VERSION = 1.0;
				PRODUCT_BUNDLE_IDENTIFIER = "Colin-Whiteford.-21-GameUITests";
				PRODUCT_NAME = "$(TARGET_NAME)";
				SWIFT_EMIT_LOC_STRINGS = NO;
				SWIFT_VERSION = 5.0;
				TARGETED_DEVICE_FAMILY = "1,2";
				TEST_TARGET_NAME = "421 Game";
			};
			name = Release;
		};
/* End XCBuildConfiguration section */

/* Begin XCConfigurationList section */
		10A6CE092C9E60D2001EBB28 /* Build configuration list for PBXProject "421 Game" */ = {
			isa = XCConfigurationList;
			buildConfigurations = (
				10A6CE3A2C9E60D3001EBB28 /* Debug */,
				10A6CE3B2C9E60D3001EBB28 /* Release */,
			);
			defaultConfigurationIsVisible = 0;
			defaultConfigurationName = Release;
		};
		10A6CE372C9E60D3001EBB28 /* Build configuration list for PBXNativeTarget "421 Game" */ = {
			isa = XCConfigurationList;
			buildConfigurations = (
				10A6CE382C9E60D3001EBB28 /* Debug */,
				10A6CE392C9E60D3001EBB28 /* Release */,
			);
			defaultConfigurationIsVisible = 0;
			defaultConfigurationName = Release;
		};
		10A6CE3C2C9E60D3001EBB28 /* Build configuration list for PBXNativeTarget "421 GameTests" */ = {
			isa = XCConfigurationList;
			buildConfigurations = (
				10A6CE3D2C9E60D3001EBB28 /* Debug */,
				10A6CE3E2C9E60D3001EBB28 /* Release */,
			);
			defaultConfigurationIsVisible = 0;
			defaultConfigurationName = Release;
		};
		10A6CE3F2C9E60D3001EBB28 /* Build configuration list for PBXNativeTarget "421 GameUITests" */ = {
			isa = XCConfigurationList;
			buildConfigurations = (
				10A6CE402C9E60D3001EBB28 /* Debug */,
				10A6CE412C9E60D3001EBB28 /* Release */,
			);
			defaultConfigurationIsVisible = 0;
			defaultConfigurationName = Release;
		};
/* End XCConfigurationList section */
	};
	rootObject = 10A6CE062C9E60D2001EBB28 /* Project object */;
}
